
Microsoft Visual Studio Solution File, Format Version 12.00
# Visual Studio Version 17
VisualStudioVersion = 17.14.36705.20 d17.14
MinimumVisualStudioVersion = 10.0.40219.1
Project("{8BC9CEB8-8B4A-11D0-8D11-00A0C91BC942}") = "Project4-2", "Project4-2\Project4-2.vcxproj", "{A8754CB9-4021-4585-A7D4-AA8D4F4E359E}"
EndProject
Global
	GlobalSection(SolutionConfigurationPlatforms) = preSolution
		Debug|x64 = Debug|x64
		Debug|x86 = Debug|x86
		Release|x64 = Release|x64
		Release|x86 = Release|x86
	EndGlobalSection
	GlobalSection(ProjectConfigurationPlatforms) = postSolution
		{A8754CB9-4021-4585-A7D4-AA8D4F4E359E}.Debug|x64.ActiveCfg = Debug|x64
		{A8754CB9-4021-4585-A7D4-AA8D4F4E359E}.Debug|x64.Build.0 = Debug|x64
		{A8754CB9-4021-4585-A7D4-AA8D4F4E359E}.Debug|x86.ActiveCfg = Debug|Win32
		{A8754CB9-4021-4585-A7D4-AA8D4F4E359E}.Debug|x86.Build.0 = Debug|Win32
		{A8754CB9-4021-4585-A7D4-AA8D4F4E359E}.Release|x64.ActiveCfg = Release|x64
		{A8754CB9-4021-4585-A7D4-AA8D4F4E359E}.Release|x64.Build.0 = Release|x64
		{A8754CB9-4021-4585-A7D4-AA8D4F4E359E}.Release|x86.ActiveCfg = Release|Win32
		{A8754CB9-4021-4585-A7D4-AA8D4F4E359E}.Release|x86.Build.0 = Release|Win32
	EndGlobalSection
	GlobalSection(SolutionProperties) = preSolution
		HideSolutionNode = FALSE
	EndGlobalSection
	GlobalSection(ExtensibilityGlobals) = postSolution
		SolutionGuid = {B9FC07A8-53FC-4DD3-808B-EE6B27B564C1}
	EndGlobalSection
EndGlobal
